
Microsoft Visual Studio Solution File, Format Version 12.00
# Visual Studio 15
VisualStudioVersion = 15.0.26206.0
MinimumVisualStudioVersion = 10.0.40219.1
Project("{FAE04EC0-301F-11D3-BF4B-00C04F79EFBC}") = "Razor Blades", "Razor Blades\Razor Blades.csproj", "{24925506-3DBB-4ADC-987A-89BC75FCE788}"
EndProject
Project("{FAE04EC0-301F-11D3-BF4B-00C04F79EFBC}") = "Razor Blades Tests", "Razor Blades Tests\Razor Blades Tests.csproj", "{B163AA4D-8149-4A08-B79E-82B64ED940EE}"
EndProject
Global
	GlobalSection(SolutionConfigurationPlatforms) = preSolution
		Debug|Any CPU = Debug|Any CPU
		Release|Any CPU = Release|Any CPU
	EndGlobalSection
	GlobalSection(ProjectConfigurationPlatforms) = postSolution
		{24925506-3DBB-4ADC-987A-89BC75FCE788}.Debug|Any CPU.ActiveCfg = Debug|Any CPU
		{24925506-3DBB-4ADC-987A-89BC75FCE788}.Debug|Any CPU.Build.0 = Debug|Any CPU
		{24925506-3DBB-4ADC-987A-89BC75FCE788}.Release|Any CPU.ActiveCfg = Release|Any CPU
		{24925506-3DBB-4ADC-987A-89BC75FCE788}.Release|Any CPU.Build.0 = Release|Any CPU
		{B163AA4D-8149-4A08-B79E-82B64ED940EE}.Debug|Any CPU.ActiveCfg = Debug|Any CPU
		{B163AA4D-8149-4A08-B79E-82B64ED940EE}.Debug|Any CPU.Build.0 = Debug|Any CPU
		{B163AA4D-8149-4A08-B79E-82B64ED940EE}.Release|Any CPU.ActiveCfg = Release|Any CPU
		{B163AA4D-8149-4A08-B79E-82B64ED940EE}.Release|Any CPU.Build.0 = Release|Any CPU
	EndGlobalSection
	GlobalSection(SolutionProperties) = preSolution
		HideSolutionNode = FALSE
	EndGlobalSection
EndGlobal
